
Microsoft Visual Studio Solution File, Format Version 12.00
# Visual Studio Version 17
VisualStudioVersion = 17.11.35303.130
MinimumVisualStudioVersion = 10.0.40219.1
Project("{FAE04EC0-301F-11D3-BF4B-00C04F79EFBC}") = "tamrine 1", "tamrine 1\tamrine 1.csproj", "{E33C9BC8-0846-4249-9C94-904869C982CA}"
EndProject
Project("{FAE04EC0-301F-11D3-BF4B-00C04F79EFBC}") = "tamrin2", "tamrin2\tamrin2.csproj", "{BCACB2EF-86BA-4BA5-A1EB-E22571CE08F2}"
EndProject
Project("{FAE04EC0-301F-11D3-BF4B-00C04F79EFBC}") = "tamrine3", "tamrine3\tamrine3.csproj", "{FABA0EEF-C378-474B-8069-D1E7DBCC2B58}"
EndProject
Project("{FAE04EC0-301F-11D3-BF4B-00C04F79EFBC}") = "tamrine 4", "tamrine 4\tamrine 4.csproj", "{20F55A60-0F45-4D93-A70F-96D1D76BB8AA}"
EndProject
Global
	GlobalSection(SolutionConfigurationPlatforms) = preSolution
		Debug|Any CPU = Debug|Any CPU
		Release|Any CPU = Release|Any CPU
	EndGlobalSection
	GlobalSection(ProjectConfigurationPlatforms) = postSolution
		{E33C9BC8-0846-4249-9C94-904869C982CA}.Debug|Any CPU.ActiveCfg = Debug|Any CPU
		{E33C9BC8-0846-4249-9C94-904869C982CA}.Debug|Any CPU.Build.0 = Debug|Any CPU
		{E33C9BC8-0846-4249-9C94-904869C982CA}.Release|Any CPU.ActiveCfg = Release|Any CPU
		{E33C9BC8-0846-4249-9C94-904869C982CA}.Release|Any CPU.Build.0 = Release|Any CPU
		{BCACB2EF-86BA-4BA5-A1EB-E22571CE08F2}.Debug|Any CPU.ActiveCfg = Debug|Any CPU
		{BCACB2EF-86BA-4BA5-A1EB-E22571CE08F2}.Debug|Any CPU.Build.0 = Debug|Any CPU
		{BCACB2EF-86BA-4BA5-A1EB-E22571CE08F2}.Release|Any CPU.ActiveCfg = Release|Any CPU
		{BCACB2EF-86BA-4BA5-A1EB-E22571CE08F2}.Release|Any CPU.Build.0 = Release|Any CPU
		{FABA0EEF-C378-474B-8069-D1E7DBCC2B58}.Debug|Any CPU.ActiveCfg = Debug|Any CPU
		{FABA0EEF-C378-474B-8069-D1E7DBCC2B58}.Debug|Any CPU.Build.0 = Debug|Any CPU
		{FABA0EEF-C378-474B-8069-D1E7DBCC2B58}.Release|Any CPU.ActiveCfg = Release|Any CPU
		{FABA0EEF-C378-474B-8069-D1E7DBCC2B58}.Release|Any CPU.Build.0 = Release|Any CPU
		{20F55A60-0F45-4D93-A70F-96D1D76BB8AA}.Debug|Any CPU.ActiveCfg = Debug|Any CPU
		{20F55A60-0F45-4D93-A70F-96D1D76BB8AA}.Debug|Any CPU.Build.0 = Debug|Any CPU
		{20F55A60-0F45-4D93-A70F-96D1D76BB8AA}.Release|Any CPU.ActiveCfg = Release|Any CPU
		{20F55A60-0F45-4D93-A70F-96D1D76BB8AA}.Release|Any CPU.Build.0 = Release|Any CPU
	EndGlobalSection
	GlobalSection(SolutionProperties) = preSolution
		HideSolutionNode = FALSE
	EndGlobalSection
	GlobalSection(ExtensibilityGlobals) = postSolution
		SolutionGuid = {D90D01FD-8937-4F60-B671-7C7B414C6668}
	EndGlobalSection
EndGlobal
